
Microsoft Visual Studio Solution File, Format Version 12.00
# Visual Studio Version 16
VisualStudioVersion = 16.0.31410.357
MinimumVisualStudioVersion = 10.0.40219.1
Project("{FAE04EC0-301F-11D3-BF4B-00C04F79EFBC}") = "InventorySystem", "InventorySystem\InventorySystem.csproj", "{0F35B15F-10E7-4420-B3AA-B120F3BC8A3A}"
EndProject
Project("{FAE04EC0-301F-11D3-BF4B-00C04F79EFBC}") = "Busines_Layer", "Busines_Layer\Busines_Layer.csproj", "{7A43763D-2A92-4D02-987C-9E21CFFACC1D}"
EndProject
Global
	GlobalSection(SolutionConfigurationPlatforms) = preSolution
		Debug|Any CPU = Debug|Any CPU
		Release|Any CPU = Release|Any CPU
	EndGlobalSection
	GlobalSection(ProjectConfigurationPlatforms) = postSolution
		{0F35B15F-10E7-4420-B3AA-B120F3BC8A3A}.Debug|Any CPU.ActiveCfg = Debug|Any CPU
		{0F35B15F-10E7-4420-B3AA-B120F3BC8A3A}.Debug|Any CPU.Build.0 = Debug|Any CPU
		{0F35B15F-10E7-4420-B3AA-B120F3BC8A3A}.Release|Any CPU.ActiveCfg = Release|Any CPU
		{0F35B15F-10E7-4420-B3AA-B120F3BC8A3A}.Release|Any CPU.Build.0 = Release|Any CPU
		{7A43763D-2A92-4D02-987C-9E21CFFACC1D}.Debug|Any CPU.ActiveCfg = Debug|Any CPU
		{7A43763D-2A92-4D02-987C-9E21CFFACC1D}.Debug|Any CPU.Build.0 = Debug|Any CPU
		{7A43763D-2A92-4D02-987C-9E21CFFACC1D}.Release|Any CPU.ActiveCfg = Release|Any CPU
		{7A43763D-2A92-4D02-987C-9E21CFFACC1D}.Release|Any CPU.Build.0 = Release|Any CPU
	EndGlobalSection
	GlobalSection(SolutionProperties) = preSolution
		HideSolutionNode = FALSE
	EndGlobalSection
	GlobalSection(ExtensibilityGlobals) = postSolution
		SolutionGuid = {1DCF6096-DFD8-4C23-8834-B223D0FA829C}
	EndGlobalSection
EndGlobal
